
Microsoft Visual Studio Solution File, Format Version 12.00
# Visual Studio 15
Project("{FAE04EC0-301F-11D3-BF4B-00C04F79EFBC}") = "Teilnehmer", "Teilnehmer\Teilnehmer.csproj", "{B4E1A943-86A3-4510-8BC3-5DA7D81D8479}"
EndProject
Global
	GlobalSection(SolutionConfigurationPlatforms) = preSolution
		Debug|anycpu = Debug|anycpu
		Release|anycpu = Release|anycpu
	EndGlobalSection
	GlobalSection(ProjectConfigurationPlatforms) = postSolution
		{B4E1A943-86A3-4510-8BC3-5DA7D81D8479}.Debug|anycpu.ActiveCfg = Debug|anycpu
		{B4E1A943-86A3-4510-8BC3-5DA7D81D8479}.Debug|anycpu.Build.0 = Debug|anycpu
		{B4E1A943-86A3-4510-8BC3-5DA7D81D8479}.Release|anycpu.ActiveCfg = Release|anycpu
		{B4E1A943-86A3-4510-8BC3-5DA7D81D8479}.Release|anycpu.Build.0 = Release|anycpu
	EndGlobalSection
EndGlobal
